<?xml version="1.0" encoding="utf-8"?>
<Project ToolsVersion="4.0" xmlns="http://schemas.microsoft.com/developer/msbuild/2003">
  <ItemGroup>
    <Filter Include="소스 파일">
      <UniqueIdentifier>{4FC737F1-C7A5-4376-A066-2A32D752A2FF}</UniqueIdentifier>
      <Extensions>cpp;c;cc;cxx;def;odl;idl;hpj;bat;asm;asmx</Extensions>
    </Filter>
    <Filter Include="헤더 파일">
      <UniqueIdentifier>{93995380-89BD-4b04-88EB-625FBE52EBFB}</UniqueIdentifier>
      <Extensions>h;hh;hpp;hxx;hm;inl;inc;ipp;xsd</Extensions>
    </Filter>
    <Filter Include="리소스 파일">
      <UniqueIdentifier>{67DA6AB6-F800-4c08-8B7A-83BB121AAD01}</UniqueIdentifier>
      <Extensions>rc;ico;cur;bmp;dlg;rc2;rct;bin;rgs;gif;jpg;jpeg;jpe;resx;tiff;tif;png;wav;mfcribbon-ms</Extensions>
    </Filter>
    <Filter Include="01.NetWork">
      <UniqueIdentifier>{3a8c13f5-0773-48d4-b513-df641d3a807a}</UniqueIdentifier>
    </Filter>
    <Filter Include="02.Core">
      <UniqueIdentifier>{f5538617-a8af-4884-af4c-d527d25747fd}</UniqueIdentifier>
    </Filter>
    <Filter Include="03.Object">
      <UniqueIdentifier>{d6b091f4-d93f-4951-ad7a-436b359bda22}</UniqueIdentifier>
    </Filter>
    <Filter Include="04.Shader">
      <UniqueIdentifier>{0fde8cf8-22ff-4cff-a469-6d808b89eb73}</UniqueIdentifier>
    </Filter>
    <Filter Include="05.DirectX">
      <UniqueIdentifier>{110e17a3-7f44-4230-9d1c-fc52dd384664}</UniqueIdentifier>
    </Filter>
    <Filter Include="03.Object\01.Static">
      <UniqueIdentifier>{6c9f0959-f19f-4372-8d59-a018c2702fec}</UniqueIdentifier>
    </Filter>
    <Filter Include="03.Object\02.Movable">
      <UniqueIdentifier>{e26f121d-7990-489b-9a39-3e3e438ad28d}</UniqueIdentifier>
    </Filter>
    <Filter Include="06.Scene">
      <UniqueIdentifier>{46f44326-780f-4e69-a5aa-b794403e980b}</UniqueIdentifier>
    </Filter>
    <Filter Include="07.Input">
      <UniqueIdentifier>{d66bba81-5da7-482a-8f00-414e329908d4}</UniqueIdentifier>
    </Filter>
  </ItemGroup>
  <ItemGroup>
    <ClCompile Include="include\TF_CLIENT.cpp">
      <Filter>소스 파일</Filter>
    </ClCompile>
    <ClCompile Include="include\StaticObj.cpp">
      <Filter>03.Object\01.Static</Filter>
    </ClCompile>
    <ClCompile Include="include\Input.cpp">
      <Filter>07.Input</Filter>
    </ClCompile>
    <ClCompile Include="include\Scene.cpp">
      <Filter>06.Scene</Filter>
    </ClCompile>
    <ClCompile Include="include\Timer.cpp">
      <Filter>06.Scene</Filter>
    </ClCompile>
    <ClCompile Include="include\DDSTextureLoader.cpp">
      <Filter>05.DirectX</Filter>
    </ClCompile>
    <ClCompile Include="include\DDSTextureLoader12.cpp">
      <Filter>05.DirectX</Filter>
    </ClCompile>
    <ClCompile Include="include\md5Loader.cpp">
      <Filter>05.DirectX</Filter>
    </ClCompile>
    <ClCompile Include="include\Shader.cpp">
      <Filter>04.Shader</Filter>
    </ClCompile>
    <ClCompile Include="include\GameFramework.cpp">
      <Filter>02.Core</Filter>
    </ClCompile>
    <ClCompile Include="include\Camera.cpp">
      <Filter>03.Object</Filter>
    </ClCompile>
    <ClCompile Include="include\Mesh.cpp">
      <Filter>03.Object</Filter>
    </ClCompile>
    <ClCompile Include="include\Object.cpp">
      <Filter>03.Object</Filter>
    </ClCompile>
    <ClCompile Include="include\Player.cpp">
      <Filter>03.Object</Filter>
    </ClCompile>
    <ClCompile Include="include\Ref.cpp">
      <Filter>03.Object</Filter>
    </ClCompile>
    <ClCompile Include="include\MoveObj.cpp">
      <Filter>03.Object\02.Movable</Filter>
    </ClCompile>
    <ClCompile Include="include\stdafx.cpp">
      <Filter>소스 파일</Filter>
    </ClCompile>
    <ClCompile Include="include\SceneManager.cpp">
      <Filter>06.Scene</Filter>
    </ClCompile>
    <ClCompile Include="include\DayForestScene.cpp">
      <Filter>06.Scene</Filter>
    </ClCompile>
    <ClCompile Include="include\Layer.cpp">
      <Filter>06.Scene</Filter>
    </ClCompile>
    <ClCompile Include="include\UIShader.cpp">
      <Filter>04.Shader</Filter>
    </ClCompile>
  </ItemGroup>
  <ItemGroup>
    <ClInclude Include="include\StaticObj.h">
      <Filter>03.Object\01.Static</Filter>
    </ClInclude>
    <ClInclude Include="include\Define.h">
      <Filter>헤더 파일</Filter>
    </ClInclude>
    <ClInclude Include="include\Enum.h">
      <Filter>헤더 파일</Filter>
    </ClInclude>
    <ClInclude Include="include\inline.h">
      <Filter>헤더 파일</Filter>
    </ClInclude>
    <ClInclude Include="include\SingleTone.h">
      <Filter>헤더 파일</Filter>
    </ClInclude>
    <ClInclude Include="include\Struct.h">
      <Filter>헤더 파일</Filter>
    </ClInclude>
    <ClInclude Include="include\Input.h">
      <Filter>07.Input</Filter>
    </ClInclude>
    <ClInclude Include="include\Scene.h">
      <Filter>06.Scene</Filter>
    </ClInclude>
    <ClInclude Include="include\Timer.h">
      <Filter>06.Scene</Filter>
    </ClInclude>
    <ClInclude Include="include\DDSTextureLoader.h">
      <Filter>05.DirectX</Filter>
    </ClInclude>
    <ClInclude Include="include\DDSTextureLoader12.h">
      <Filter>05.DirectX</Filter>
    </ClInclude>
    <ClInclude Include="include\d3dUtil.h">
      <Filter>05.DirectX</Filter>
    </ClInclude>
    <ClInclude Include="include\d3dx12.h">
      <Filter>05.DirectX</Filter>
    </ClInclude>
    <ClInclude Include="include\MathHelper.h">
      <Filter>05.DirectX</Filter>
    </ClInclude>
    <ClInclude Include="include\md5Loader.h">
      <Filter>05.DirectX</Filter>
    </ClInclude>
    <ClInclude Include="include\UploadBuffer.h">
      <Filter>05.DirectX</Filter>
    </ClInclude>
    <ClInclude Include="include\Shader.h">
      <Filter>04.Shader</Filter>
    </ClInclude>
    <ClInclude Include="include\GameFramework.h">
      <Filter>02.Core</Filter>
    </ClInclude>
    <ClInclude Include="include\Camera.h">
      <Filter>03.Object</Filter>
    </ClInclude>
    <ClInclude Include="include\Mesh.h">
      <Filter>03.Object</Filter>
    </ClInclude>
    <ClInclude Include="include\Object.h">
      <Filter>03.Object</Filter>
    </ClInclude>
    <ClInclude Include="include\Player.h">
      <Filter>03.Object</Filter>
    </ClInclude>
    <ClInclude Include="include\Ref.h">
      <Filter>03.Object</Filter>
    </ClInclude>
    <ClInclude Include="include\MoveObj.h">
      <Filter>03.Object\02.Movable</Filter>
    </ClInclude>
    <ClInclude Include="include\stdafx.h">
      <Filter>헤더 파일</Filter>
    </ClInclude>
    <ClInclude Include="include\SceneManager.h">
      <Filter>06.Scene</Filter>
    </ClInclude>
    <ClInclude Include="include\DayForestScene.h">
      <Filter>06.Scene</Filter>
    </ClInclude>
    <ClInclude Include="include\Layer.h">
      <Filter>06.Scene</Filter>
    </ClInclude>
    <ClInclude Include="include\UIShader.h">
      <Filter>04.Shader</Filter>
    </ClInclude>
  </ItemGroup>
</Project>